
Microsoft Visual Studio Solution File, Format Version 12.00
# Visual Studio 15
VisualStudioVersion = 15.0.28010.0
MinimumVisualStudioVersion = 10.0.40219.1
Project("{8BC9CEB8-8B4A-11D0-8D11-00A0C91BC942}") = "getqqdll", "getqqdll\getqqdll.vcxproj", "{7F5E24EE-7102-44AC-B209-41D4954D8105}"
EndProject
Global
	GlobalSection(SolutionConfigurationPlatforms) = preSolution
		Debug|x64 = Debug|x64
		Debug|x86 = Debug|x86
		Release|x64 = Release|x64
		Release|x86 = Release|x86
	EndGlobalSection
	GlobalSection(ProjectConfigurationPlatforms) = postSolution
		{7F5E24EE-7102-44AC-B209-41D4954D8105}.Debug|x64.ActiveCfg = Debug|x64
		{7F5E24EE-7102-44AC-B209-41D4954D8105}.Debug|x64.Build.0 = Debug|x64
		{7F5E24EE-7102-44AC-B209-41D4954D8105}.Debug|x86.ActiveCfg = Debug|Win32
		{7F5E24EE-7102-44AC-B209-41D4954D8105}.Debug|x86.Build.0 = Debug|Win32
		{7F5E24EE-7102-44AC-B209-41D4954D8105}.Release|x64.ActiveCfg = Release|x64
		{7F5E24EE-7102-44AC-B209-41D4954D8105}.Release|x64.Build.0 = Release|x64
		{7F5E24EE-7102-44AC-B209-41D4954D8105}.Release|x86.ActiveCfg = Release|Win32
		{7F5E24EE-7102-44AC-B209-41D4954D8105}.Release|x86.Build.0 = Release|Win32
	EndGlobalSection
	GlobalSection(SolutionProperties) = preSolution
		HideSolutionNode = FALSE
	EndGlobalSection
	GlobalSection(ExtensibilityGlobals) = postSolution
		SolutionGuid = {1745E65D-72E0-4742-B9CB-CE2447DA5879}
	EndGlobalSection
EndGlobal
